// !$*UTF8*$!
{
	archiveVersion = 1;
	classes = {
	};
	objectVersion = 46;
	objects = {

/* Begin PBXBuildFile section */
		E6464BF91BC5141900F39852 /* main.m in Sources */ = {isa = PBXBuildFile; fileRef = E6464BF81BC5141900F39852 /* main.m */; };
		E6464BFC1BC5141900F39852 /* AppDelegate.m in Sources */ = {isa = PBXBuildFile; fileRef = E6464BFB1BC5141900F39852 /* AppDelegate.m */; };
		E6464BFF1BC5141900F39852 /* ViewController.m in Sources */ = {isa = PBXBuildFile; fileRef = E6464BFE1BC5141900F39852 /* ViewController.m */; };
		E6464C021BC5141900F39852 /* Main.storyboard in Resources */ = {isa = PBXBuildFile; fileRef = E6464C001BC5141900F39852 /* Main.storyboard */; };
		E6464C041BC5141900F39852 /* Assets.xcassets in Resources */ = {isa = PBXBuildFile; fileRef = E6464C031BC5141900F39852 /* Assets.xcassets */; };
		E6464C071BC5141900F39852 /* LaunchScreen.storyboard in Resources */ = {isa = PBXBuildFile; fileRef = E6464C051BC5141900F39852 /* LaunchScreen.storyboard */; };
		E6464C101BC519BA00F39852 /* MyCollectionCell.m in Sources */ = {isa = PBXBuildFile; fileRef = E6464C0F1BC519BA00F39852 /* MyCollectionCell.m */; settings = {ASSET_TAGS = (); }; };
/* End PBXBuildFile section */

/* Begin PBXFileReference section */
		E629FFDA1BC69F94003ADF95 /* ar */ = {isa = PBXFileReference; lastKnownFileType = text.plist.strings; name = ar; path = ar.lproj/Main.strings; sourceTree = "<group>"; };
		E629FFDB1BC69F94003ADF95 /* ar */ = {isa = PBXFileReference; lastKnownFileType = text.plist.strings; name = ar; path = ar.lproj/LaunchScreen.strings; sourceTree = "<group>"; };
		E6464BF41BC5141900F39852 /* Arabica.app */ = {isa = PBXFileReference; explicitFileType = wrapper.application; includeInIndex = 0; path = Arabica.app; sourceTree = BUILT_PRODUCTS_DIR; };
		E6464BF81BC5141900F39852 /* main.m */ = {isa = PBXFileReference; lastKnownFileType = sourcecode.c.objc; path = main.m; sourceTree = "<group>"; };
		E6464BFA1BC5141900F39852 /* AppDelegate.h */ = {isa = PBXFileReference; lastKnownFileType = sourcecode.c.h; path = AppDelegate.h; sourceTree = "<group>"; };
		E6464BFB1BC5141900F39852 /* AppDelegate.m */ = {isa = PBXFileReference; lastKnownFileType = sourcecode.c.objc; path = AppDelegate.m; sourceTree = "<group>"; };
		E6464BFD1BC5141900F39852 /* ViewController.h */ = {isa = PBXFileReference; lastKnownFileType = sourcecode.c.h; path = ViewController.h; sourceTree = "<group>"; };
		E6464BFE1BC5141900F39852 /* ViewController.m */ = {isa = PBXFileReference; lastKnownFileType = sourcecode.c.objc; path = ViewController.m; sourceTree = "<group>"; };
		E6464C011BC5141900F39852 /* Base */ = {isa = PBXFileReference; lastKnownFileType = file.storyboard; name = Base; path = Base.lproj/Main.storyboard; sourceTree = "<group>"; };
		E6464C031BC5141900F39852 /* Assets.xcassets */ = {isa = PBXFileReference; lastKnownFileType = folder.assetcatalog; path = Assets.xcassets; sourceTree = "<group>"; };
		E6464C061BC5141900F39852 /* Base */ = {isa = PBXFileReference; lastKnownFileType = file.storyboard; name = Base; path = Base.lproj/LaunchScreen.storyboard; sourceTree = "<group>"; };
		E6464C081BC5141900F39852 /* Info.plist */ = {isa = PBXFileReference; lastKnownFileType = text.plist.xml; path = Info.plist; sourceTree = "<group>"; };
		E6464C0E1BC519BA00F39852 /* MyCollectionCell.h */ = {isa = PBXFileReference; fileEncoding = 4; lastKnownFileType = sourcecode.c.h; path = MyCollectionCell.h; sourceTree = "<group>"; };
		E6464C0F1BC519BA00F39852 /* MyCollectionCell.m */ = {isa = PBXFileReference; fileEncoding = 4; lastKnownFileType = sourcecode.c.objc; path = MyCollectionCell.m; sourceTree = "<group>"; };
/* End PBXFileReference section */

/* Begin PBXFrameworksBuildPhase section */
		E6464BF11BC5141900F39852 /* Frameworks */ = {
			isa = PBXFrameworksBuildPhase;
			buildActionMask = 2147483647;
			files = (
			);
			runOnlyForDeploymentPostprocessing = 0;
		};
/* End PBXFrameworksBuildPhase section */

/* Begin PBXGroup section */
		E6464BEB1BC5141900F39852 = {
			isa = PBXGroup;
			children = (
				E6464BF61BC5141900F39852 /* Arabica */,
				E6464BF51BC5141900F39852 /* Products */,
			);
			sourceTree = "<group>";
		};
		E6464BF51BC5141900F39852 /* Products */ = {
			isa = PBXGroup;
			children = (
				E6464BF41BC5141900F39852 /* Arabica.app */,
			);
			name = Products;
			sourceTree = "<group>";
		};
		E6464BF61BC5141900F39852 /* Arabica */ = {
			isa = PBXGroup;
			children = (
				E6464BFA1BC5141900F39852 /* AppDelegate.h */,
				E6464BFB1BC5141900F39852 /* AppDelegate.m */,
				E6464BFD1BC5141900F39852 /* ViewController.h */,
				E6464BFE1BC5141900F39852 /* ViewController.m */,
				E6464C0E1BC519BA00F39852 /* MyCollectionCell.h */,
				E6464C0F1BC519BA00F39852 /* MyCollectionCell.m */,
				E6464C001BC5141900F39852 /* Main.storyboard */,
				E6464C031BC5141900F39852 /* Assets.xcassets */,
				E6464C051BC5141900F39852 /* LaunchScreen.storyboard */,
				E6464C081BC5141900F39852 /* Info.plist */,
				E6464BF71BC5141900F39852 /* Supporting Files */,
			);
			path = Arabica;
			sourceTree = "<group>";
		};
		E6464BF71BC5141900F39852 /* Supporting Files */ = {
			isa = PBXGroup;
			children = (
				E6464BF81BC5141900F39852 /* main.m */,
			);
			name = "Supporting Files";
			sourceTree = "<group>";
		};
/* End PBXGroup section */

/* Begin PBXNativeTarget section */
		E6464BF31BC5141900F39852 /* Arabica */ = {
			isa = PBXNativeTarget;
			buildConfigurationList = E6464C0B1BC5141900F39852 /* Build configuration list for PBXNativeTarget "Arabica" */;
			buildPhases = (
				E6464BF01BC5141900F39852 /* Sources */,
				E6464BF11BC5141900F39852 /* Frameworks */,
				E6464BF21BC5141900F39852 /* Resources */,
			);
			buildRules = (
			);
			dependencies = (
			);
			name = Arabica;
			productName = Arabica;
			productReference = E6464BF41BC5141900F39852 /* Arabica.app */;
			productType = "com.apple.product-type.application";
		};
/* End PBXNativeTarget section */

/* Begin PBXProject section */
		E6464BEC1BC5141900F39852 /* Project object */ = {
			isa = PBXProject;
			attributes = {
				LastUpgradeCheck = 0700;
				ORGANIZATIONNAME = YOPESO;
				TargetAttributes = {
					E6464BF31BC5141900F39852 = {
						CreatedOnToolsVersion = 7.0.1;
					};
				};
			};
			buildConfigurationList = E6464BEF1BC5141900F39852 /* Build configuration list for PBXProject "Arabica" */;
			compatibilityVersion = "Xcode 3.2";
			developmentRegion = English;
			hasScannedForEncodings = 0;
			knownRegions = (
				en,
				Base,
			);
			mainGroup = E6464BEB1BC5141900F39852;
			productRefGroup = E6464BF51BC5141900F39852 /* Products */;
			projectDirPath = "";
			projectRoot = "";
			targets = (
				E6464BF31BC5141900F39852 /* Arabica */,
			);
		};
/* End PBXProject section */

/* Begin PBXResourcesBuildPhase section */
		E6464BF21BC5141900F39852 /* Resources */ = {
			isa = PBXResourcesBuildPhase;
			buildActionMask = 2147483647;
			files = (
				E6464C071BC5141900F39852 /* LaunchScreen.storyboard in Resources */,
				E6464C041BC5141900F39852 /* Assets.xcassets in Resources */,
				E6464C021BC5141900F39852 /* Main.storyboard in Resources */,
			);
			runOnlyForDeploymentPostprocessing = 0;
		};
/* End PBXResourcesBuildPhase section */

/* Begin PBXSourcesBuildPhase section */
		E6464BF01BC5141900F39852 /* Sources */ = {
			isa = PBXSourcesBuildPhase;
			buildActionMask = 2147483647;
			files = (
				E6464BFF1BC5141900F39852 /* ViewController.m in Sources */,
				E6464BFC1BC5141900F39852 /* AppDelegate.m in Sources */,
				E6464BF91BC5141900F39852 /* main.m in Sources */,
				E6464C101BC519BA00F39852 /* MyCollectionCell.m in Sources */,
			);
			runOnlyForDeploymentPostprocessing = 0;
		};
/* End PBXSourcesBuildPhase section */

/* Begin PBXVariantGroup section */
		E6464C001BC5141900F39852 /* Main.storyboard */ = {
			isa = PBXVariantGroup;
			children = (
				E6464C011BC5141900F39852 /* Base */,
				E629FFDA1BC69F94003ADF95 /* ar */,
			);
			name = Main.storyboard;
			sourceTree = "<group>";
		};
		E6464C051BC5141900F39852 /* LaunchScreen.storyboard */ = {
			isa = PBXVariantGroup;
			children = (
				E6464C061BC5141900F39852 /* Base */,
				E629FFDB1BC69F94003ADF95 /* ar */,
			);
			name = LaunchScreen.storyboard;
			sourceTree = "<group>";
		};
/* End PBXVariantGroup section */

/* Begin XCBuildConfiguration section */
		E6464C091BC5141900F39852 /* Debug */ = {
			isa = XCBuildConfiguration;
			buildSettings = {
				ALWAYS_SEARCH_USER_PATHS = NO;
				CLANG_CXX_LANGUAGE_STANDARD = "gnu++0x";
				CLANG_CXX_LIBRARY = "libc++";
				CLANG_ENABLE_MODULES = YES;
				CLANG_ENABLE_OBJC_ARC = YES;
				CLANG_WARN_BOOL_CONVERSION = YES;
				CLANG_WARN_CONSTANT_CONVERSION = YES;
				CLANG_WARN_DIRECT_OBJC_ISA_USAGE = YES_ERROR;
				CLANG_WARN_EMPTY_BODY = YES;
				CLANG_WARN_ENUM_CONVERSION = YES;
				CLANG_WARN_INT_CONVERSION = YES;
				CLANG_WARN_OBJC_ROOT_CLASS = YES_ERROR;
				CLANG_WARN_UNREACHABLE_CODE = YES;
				CLANG_WARN__DUPLICATE_METHOD_MATCH = YES;
				"CODE_SIGN_IDENTITY[sdk=iphoneos*]" = "iPhone Developer";
				COPY_PHASE_STRIP = NO;
				DEBUG_INFORMATION_FORMAT = dwarf;
				ENABLE_STRICT_OBJC_MSGSEND = YES;
				ENABLE_TESTABILITY = YES;
				GCC_C_LANGUAGE_STANDARD = gnu99;
				GCC_DYNAMIC_NO_PIC = NO;
				GCC_NO_COMMON_BLOCKS = YES;
				GCC_OPTIMIZATION_LEVEL = 0;
				GCC_PREPROCESSOR_DEFINITIONS = (
					"DEBUG=1",
					"$(inherited)",
				);
				GCC_WARN_64_TO_32_BIT_CONVERSION = YES;
				GCC_WARN_ABOUT_RETURN_TYPE = YES_ERROR;
				GCC_WARN_UNDECLARED_SELECTOR = YES;
				GCC_WARN_UNINITIALIZED_AUTOS = YES_AGGRESSIVE;
				GCC_WARN_UNUSED_FUNCTION = YES;
				GCC_WARN_UNUSED_VARIABLE = YES;
				IPHONEOS_DEPLOYMENT_TARGET = 9.0;
				MTL_ENABLE_DEBUG_INFO = YES;
				ONLY_ACTIVE_ARCH = YES;
				SDKROOT = iphoneos;
			};
			name = Debug;
		};
		E6464C0A1BC5141900F39852 /* Release */ = {
			isa = XCBuildConfiguration;
			buildSettings = {
				ALWAYS_SEARCH_USER_PATHS = NO;
				CLANG_CXX_LANGUAGE_STANDARD = "gnu++0x";
				CLANG_CXX_LIBRARY = "libc++";
				CLANG_ENABLE_MODULES = YES;
				CLANG_ENABLE_OBJC_ARC = YES;
				CLANG_WARN_BOOL_CONVERSION = YES;
				CLANG_WARN_CONSTANT_CONVERSION = YES;
				CLANG_WARN_DIRECT_OBJC_ISA_USAGE = YES_ERROR;
				CLANG_WARN_EMPTY_BODY = YES;
				CLANG_WARN_ENUM_CONVERSION = YES;
				CLANG_WARN_INT_CONVERSION = YES;
				CLANG_WARN_OBJC_ROOT_CLASS = YES_ERROR;
				CLANG_WARN_UNREACHABLE_CODE = YES;
				CLANG_WARN__DUPLICATE_METHOD_MATCH = YES;
				"CODE_SIGN_IDENTITY[sdk=iphoneos*]" = "iPhone Developer";
				COPY_PHASE_STRIP = NO;
				DEBUG_INFORMATION_FORMAT = "dwarf-with-dsym";
				ENABLE_NS_ASSERTIONS = NO;
				ENABLE_STRICT_OBJC_MSGSEND = YES;
				GCC_C_LANGUAGE_STANDARD = gnu99;
				GCC_NO_COMMON_BLOCKS = YES;
				GCC_WARN_64_TO_32_BIT_CONVERSION = YES;
				GCC_WARN_ABOUT_RETURN_TYPE = YES_ERROR;
				GCC_WARN_UNDECLARED_SELECTOR = YES;
				GCC_WARN_UNINITIALIZED_AUTOS = YES_AGGRESSIVE;
				GCC_WARN_UNUSED_FUNCTION = YES;
				GCC_WARN_UNUSED_VARIABLE = YES;
				IPHONEOS_DEPLOYMENT_TARGET = 9.0;
				MTL_ENABLE_DEBUG_INFO = NO;
				SDKROOT = iphoneos;
				VALIDATE_PRODUCT = YES;
			};
			name = Release;
		};
		E6464C0C1BC5141900F39852 /* Debug */ = {
			isa = XCBuildConfiguration;
			buildSettings = {
				ASSETCATALOG_COMPILER_APPICON_NAME = AppIcon;
				INFOPLIST_FILE = Arabica/Info.plist;
				LD_RUNPATH_SEARCH_PATHS = "$(inherited) @executable_path/Frameworks";
				PRODUCT_BUNDLE_IDENTIFIER = com.skyoffice.Arabica;
				PRODUCT_NAME = "$(TARGET_NAME)";
			};
			name = Debug;
		};
		E6464C0D1BC5141900F39852 /* Release */ = {
			isa = XCBuildConfiguration;
			buildSettings = {
				ASSETCATALOG_COMPILER_APPICON_NAME = AppIcon;
				INFOPLIST_FILE = Arabica/Info.plist;
				LD_RUNPATH_SEARCH_PATHS = "$(inherited) @executable_path/Frameworks";
				PRODUCT_BUNDLE_IDENTIFIER = com.skyoffice.Arabica;
				PRODUCT_NAME = "$(TARGET_NAME)";
			};
			name = Release;
		};
/* End XCBuildConfiguration section */

/* Begin XCConfigurationList section */
		E6464BEF1BC5141900F39852 /* Build configuration list for PBXProject "Arabica" */ = {
			isa = XCConfigurationList;
			buildConfigurations = (
				E6464C091BC5141900F39852 /* Debug */,
				E6464C0A1BC5141900F39852 /* Release */,
			);
			defaultConfigurationIsVisible = 0;
			defaultConfigurationName = Release;
		};
		E6464C0B1BC5141900F39852 /* Build configuration list for PBXNativeTarget "Arabica" */ = {
			isa = XCConfigurationList;
			buildConfigurations = (
				E6464C0C1BC5141900F39852 /* Debug */,
				E6464C0D1BC5141900F39852 /* Release */,
			);
			defaultConfigurationIsVisible = 0;
			defaultConfigurationName = Release;
		};
/* End XCConfigurationList section */
	};
	rootObject = E6464BEC1BC5141900F39852 /* Project object */;
}
